
Microsoft Visual Studio Solution File, Format Version 12.00
# Visual Studio Version 17
VisualStudioVersion = 17.5.002.0
MinimumVisualStudioVersion = 10.0.40219.1
Project("{2150E333-8FDC-42A3-9474-1A3956D46DE8}") = "lesson1", "lesson1", "{E23CB6E7-F98B-4367-B80F-68F3436DDA57}"
EndProject
Project("{9A19103F-16F7-4668-BE54-9A1E7A4F7556}") = "task.1", "lesson1\task.1\task.1.csproj", "{8211BF4A-A240-4721-B67D-E915F8725FBD}"
EndProject
Global
	GlobalSection(SolutionConfigurationPlatforms) = preSolution
		Debug|Any CPU = Debug|Any CPU
		Release|Any CPU = Release|Any CPU
	EndGlobalSection
	GlobalSection(ProjectConfigurationPlatforms) = postSolution
		{8211BF4A-A240-4721-B67D-E915F8725FBD}.Debug|Any CPU.ActiveCfg = Debug|Any CPU
		{8211BF4A-A240-4721-B67D-E915F8725FBD}.Debug|Any CPU.Build.0 = Debug|Any CPU
		{8211BF4A-A240-4721-B67D-E915F8725FBD}.Release|Any CPU.ActiveCfg = Release|Any CPU
		{8211BF4A-A240-4721-B67D-E915F8725FBD}.Release|Any CPU.Build.0 = Release|Any CPU
	EndGlobalSection
	GlobalSection(SolutionProperties) = preSolution
		HideSolutionNode = FALSE
	EndGlobalSection
	GlobalSection(NestedProjects) = preSolution
		{8211BF4A-A240-4721-B67D-E915F8725FBD} = {E23CB6E7-F98B-4367-B80F-68F3436DDA57}
	EndGlobalSection
	GlobalSection(ExtensibilityGlobals) = postSolution
		SolutionGuid = {204DC11A-8460-4C1A-A438-A3D9F9DFE966}
	EndGlobalSection
EndGlobal
